github.com/kerelape/option v1.0.0 h1:pZMtHiymfFFk3X1SAoyjF6CTH4OcZQCTWaJ9Elx4qCg=
github.com/kerelape/option v1.0.0/go.mod h1:Ru4wQQJ4SwT2hZKIL5GpTuxbzA6q/v8EZQ4ht5TPC/0=
github.com/kerelape/option v1.1.0 h1:lZn26jPDi67/ciRsLgrGXuK+VIW9R4p8FHwBATZAreg=
github.com/kerelape/option v1.1.0/go.mod h1:Ru4wQQJ4SwT2hZKIL5GpTuxbzA6q/v8EZQ4ht5TPC/0=
