github.com/kerelape/option v1.0.0 h1:pZMtHiymfFFk3X1SAoyjF6CTH4OcZQCTWaJ9Elx4qCg=
github.com/kerelape/option v1.0.0/go.mod h1:Ru4wQQJ4SwT2hZKIL5GpTuxbzA6q/v8EZQ4ht5TPC/0=
github.com/kerelape/option v1.2.0 h1:sGeHbckrIwmCNv0qC/8mc2lOxgZF1gPQeYjfIZPO3lQ=
github.com/kerelape/option v1.2.0/go.mod h1:gQuAZKKjTaeHup9nEKa6TD/VdF0zPhxtFgbtPlM1CUA=
